lockfileVersion: '9.0'

settings:
  autoInstallPeers: true
  excludeLinksFromLockfile: false

importers:

  .:
    dependencies:
      next:
        specifier: canary
        version: 15.0.0-canary.25(react-dom@19.0.0-rc-6f23540c7d-20240528(react@19.0.0-rc-6f23540c7d-20240528))(react@19.0.0-rc-6f23540c7d-20240528)
      next-auth:
        specifier: 5.0.0-beta.19
        version: 5.0.0-beta.19(next@15.0.0-canary.25(react-dom@19.0.0-rc-6f23540c7d-20240528(react@19.0.0-rc-6f23540c7d-20240528))(react@19.0.0-rc-6f23540c7d-20240528))(react@19.0.0-rc-6f23540c7d-20240528)
      react:
        specifier: 19.0.0-rc-6f23540c7d-20240528
        version: 19.0.0-rc-6f23540c7d-20240528
      react-dom:
        specifier: 19.0.0-rc-6f23540c7d-20240528
        version: 19.0.0-rc-6f23540c7d-20240528(react@19.0.0-rc-6f23540c7d-20240528)
    devDependencies:
      '@types/node':
        specifier: 20.12.12
        version: 20.12.12
      '@types/react':
        specifier: 18.3.3
        version: 18.3.3
      '@types/react-dom':
        specifier: 18.3.0
        version: 18.3.0
      typescript:
        specifier: 5.3.3
        version: 5.3.3

packages:

  '@auth/core@0.32.0':
    resolution: {integrity: sha512-3+ssTScBd+1fd0/fscAyQN1tSygXzuhysuVVzB942ggU4mdfiTbv36P0ccVnExKWYJKvu3E2r3/zxXCCAmTOrg==}
    peerDependencies:
      '@simplewebauthn/browser': ^9.0.1
      '@simplewebauthn/server': ^9.0.2
      nodemailer: ^6.8.0
    peerDependenciesMeta:
      '@simplewebauthn/browser':
        optional: true
      '@simplewebauthn/server':
        optional: true
      nodemailer:
        optional: true

  '@emnapi/runtime@1.2.0':
    resolution: {integrity: sha512-bV21/9LQmcQeCPEg3BDFtvwL6cwiTMksYNWQQ4KOxCZikEGalWtenoZ0wCiukJINlGCIi2KXx01g4FoH/LxpzQ==}

  '@img/sharp-darwin-arm64@0.33.4':
    resolution: {integrity: sha512-p0suNqXufJs9t3RqLBO6vvrgr5OhgbWp76s5gTRvdmxmuv9E1rcaqGUsl3l4mKVmXPkTkTErXediAui4x+8PSA==}
    engines: {glibc: '>=2.26', node: ^18.17.0 || ^20.3.0 || >=21.0.0, npm: '>=9.6.5', pnpm: '>=7.1.0', yarn: '>=3.2.0'}
    cpu: [arm64]
    os: [darwin]

  '@img/sharp-darwin-x64@0.33.4':
    resolution: {integrity: sha512-0l7yRObwtTi82Z6ebVI2PnHT8EB2NxBgpK2MiKJZJ7cz32R4lxd001ecMhzzsZig3Yv9oclvqqdV93jo9hy+Dw==}
    engines: {glibc: '>=2.26', node: ^18.17.0 || ^20.3.0 || >=21.0.0, npm: '>=9.6.5', pnpm: '>=7.1.0', yarn: '>=3.2.0'}
    cpu: [x64]
    os: [darwin]

  '@img/sharp-libvips-darwin-arm64@1.0.2':
    resolution: {integrity: sha512-tcK/41Rq8IKlSaKRCCAuuY3lDJjQnYIW1UXU1kxcEKrfL8WR7N6+rzNoOxoQRJWTAECuKwgAHnPvqXGN8XfkHA==}
    engines: {macos: '>=11', npm: '>=9.6.5', pnpm: '>=7.1.0', yarn: '>=3.2.0'}
    cpu: [arm64]
    os: [darwin]

  '@img/sharp-libvips-darwin-x64@1.0.2':
    resolution: {integrity: sha512-Ofw+7oaWa0HiiMiKWqqaZbaYV3/UGL2wAPeLuJTx+9cXpCRdvQhCLG0IH8YGwM0yGWGLpsF4Su9vM1o6aer+Fw==}
    engines: {macos: '>=10.13', npm: '>=9.6.5', pnpm: '>=7.1.0', yarn: '>=3.2.0'}
    cpu: [x64]
    os: [darwin]

  '@img/sharp-libvips-linux-arm64@1.0.2':
    resolution: {integrity: sha512-x7kCt3N00ofFmmkkdshwj3vGPCnmiDh7Gwnd4nUwZln2YjqPxV1NlTyZOvoDWdKQVDL911487HOueBvrpflagw==}
    engines: {glibc: '>=2.26', npm: '>=9.6.5', pnpm: '>=7.1.0', yarn: '>=3.2.0'}
    cpu: [arm64]
    os: [linux]

  '@img/sharp-libvips-linux-arm@1.0.2':
    resolution: {integrity: sha512-iLWCvrKgeFoglQxdEwzu1eQV04o8YeYGFXtfWU26Zr2wWT3q3MTzC+QTCO3ZQfWd3doKHT4Pm2kRmLbupT+sZw==}
    engines: {glibc: '>=2.28', npm: '>=9.6.5', pnpm: '>=7.1.0', yarn: '>=3.2.0'}
    cpu: [arm]
    os: [linux]

  '@img/sharp-libvips-linux-s390x@1.0.2':
    resolution: {integrity: sha512-cmhQ1J4qVhfmS6szYW7RT+gLJq9dH2i4maq+qyXayUSn9/3iY2ZeWpbAgSpSVbV2E1JUL2Gg7pwnYQ1h8rQIog==}
    engines: {glibc: '>=2.28', npm: '>=9.6.5', pnpm: '>=7.1.0', yarn: '>=3.2.0'}
    cpu: [s390x]
    os: [linux]

  '@img/sharp-libvips-linux-x64@1.0.2':
    resolution: {integrity: sha512-E441q4Qdb+7yuyiADVi5J+44x8ctlrqn8XgkDTwr4qPJzWkaHwD489iZ4nGDgcuya4iMN3ULV6NwbhRZJ9Z7SQ==}
    engines: {glibc: '>=2.26', npm: '>=9.6.5', pnpm: '>=7.1.0', yarn: '>=3.2.0'}
    cpu: [x64]
    os: [linux]

  '@img/sharp-libvips-linuxmusl-arm64@1.0.2':
    resolution: {integrity: sha512-3CAkndNpYUrlDqkCM5qhksfE+qSIREVpyoeHIU6jd48SJZViAmznoQQLAv4hVXF7xyUB9zf+G++e2v1ABjCbEQ==}
    engines: {musl: '>=1.2.2', npm: '>=9.6.5', pnpm: '>=7.1.0', yarn: '>=3.2.0'}
    cpu: [arm64]
    os: [linux]

  '@img/sharp-libvips-linuxmusl-x64@1.0.2':
    resolution: {integrity: sha512-VI94Q6khIHqHWNOh6LLdm9s2Ry4zdjWJwH56WoiJU7NTeDwyApdZZ8c+SADC8OH98KWNQXnE01UdJ9CSfZvwZw==}
    engines: {musl: '>=1.2.2', npm: '>=9.6.5', pnpm: '>=7.1.0', yarn: '>=3.2.0'}
    cpu: [x64]
    os: [linux]

  '@img/sharp-linux-arm64@0.33.4':
    resolution: {integrity: sha512-2800clwVg1ZQtxwSoTlHvtm9ObgAax7V6MTAB/hDT945Tfyy3hVkmiHpeLPCKYqYR1Gcmv1uDZ3a4OFwkdBL7Q==}
    engines: {glibc: '>=2.26', node: ^18.17.0 || ^20.3.0 || >=21.0.0, npm: '>=9.6.5', pnpm: '>=7.1.0', yarn: '>=3.2.0'}
    cpu: [arm64]
    os: [linux]

  '@img/sharp-linux-arm@0.33.4':
    resolution: {integrity: sha512-RUgBD1c0+gCYZGCCe6mMdTiOFS0Zc/XrN0fYd6hISIKcDUbAW5NtSQW9g/powkrXYm6Vzwd6y+fqmExDuCdHNQ==}
    engines: {glibc: '>=2.28', node: ^18.17.0 || ^20.3.0 || >=21.0.0, npm: '>=9.6.5', pnpm: '>=7.1.0', yarn: '>=3.2.0'}
    cpu: [arm]
    os: [linux]

  '@img/sharp-linux-s390x@0.33.4':
    resolution: {integrity: sha512-h3RAL3siQoyzSoH36tUeS0PDmb5wINKGYzcLB5C6DIiAn2F3udeFAum+gj8IbA/82+8RGCTn7XW8WTFnqag4tQ==}
    engines: {glibc: '>=2.31', node: ^18.17.0 || ^20.3.0 || >=21.0.0, npm: '>=9.6.5', pnpm: '>=7.1.0', yarn: '>=3.2.0'}
    cpu: [s390x]
    os: [linux]

  '@img/sharp-linux-x64@0.33.4':
    resolution: {integrity: sha512-GoR++s0XW9DGVi8SUGQ/U4AeIzLdNjHka6jidVwapQ/JebGVQIpi52OdyxCNVRE++n1FCLzjDovJNozif7w/Aw==}
    engines: {glibc: '>=2.26', node: ^18.17.0 || ^20.3.0 || >=21.0.0, npm: '>=9.6.5', pnpm: '>=7.1.0', yarn: '>=3.2.0'}
    cpu: [x64]
    os: [linux]

  '@img/sharp-linuxmusl-arm64@0.33.4':
    resolution: {integrity: sha512-nhr1yC3BlVrKDTl6cO12gTpXMl4ITBUZieehFvMntlCXFzH2bvKG76tBL2Y/OqhupZt81pR7R+Q5YhJxW0rGgQ==}
    engines: {musl: '>=1.2.2', node: ^18.17.0 || ^20.3.0 || >=21.0.0, npm: '>=9.6.5', pnpm: '>=7.1.0', yarn: '>=3.2.0'}
    cpu: [arm64]
    os: [linux]

  '@img/sharp-linuxmusl-x64@0.33.4':
    resolution: {integrity: sha512-uCPTku0zwqDmZEOi4ILyGdmW76tH7dm8kKlOIV1XC5cLyJ71ENAAqarOHQh0RLfpIpbV5KOpXzdU6XkJtS0daw==}
    engines: {musl: '>=1.2.2', node: ^18.17.0 || ^20.3.0 || >=21.0.0, npm: '>=9.6.5', pnpm: '>=7.1.0', yarn: '>=3.2.0'}
    cpu: [x64]
    os: [linux]

  '@img/sharp-wasm32@0.33.4':
    resolution: {integrity: sha512-Bmmauh4sXUsUqkleQahpdNXKvo+wa1V9KhT2pDA4VJGKwnKMJXiSTGphn0gnJrlooda0QxCtXc6RX1XAU6hMnQ==}
    engines: {node: ^18.17.0 || ^20.3.0 || >=21.0.0, npm: '>=9.6.5', pnpm: '>=7.1.0', yarn: '>=3.2.0'}
    cpu: [wasm32]

  '@img/sharp-win32-ia32@0.33.4':
    resolution: {integrity: sha512-99SJ91XzUhYHbx7uhK3+9Lf7+LjwMGQZMDlO/E/YVJ7Nc3lyDFZPGhjwiYdctoH2BOzW9+TnfqcaMKt0jHLdqw==}
    engines: {node: ^18.17.0 || ^20.3.0 || >=21.0.0, npm: '>=9.6.5', pnpm: '>=7.1.0', yarn: '>=3.2.0'}
    cpu: [ia32]
    os: [win32]

  '@img/sharp-win32-x64@0.33.4':
    resolution: {integrity: sha512-3QLocdTRVIrFNye5YocZl+KKpYKP+fksi1QhmOArgx7GyhIbQp/WrJRu176jm8IxromS7RIkzMiMINVdBtC8Aw==}
    engines: {node: ^18.17.0 || ^20.3.0 || >=21.0.0, npm: '>=9.6.5', pnpm: '>=7.1.0', yarn: '>=3.2.0'}
    cpu: [x64]
    os: [win32]

  '@next/env@15.0.0-canary.25':
    resolution: {integrity: sha512-8dQIa9X7VHB85WnJi9A9omn/kiDEGeNfJXbYzXu6Ix/qGtT9SZiB77la8OrJ/7R+zZXeSTjDwufl0R8W7C8E7w==}

  '@next/swc-darwin-arm64@15.0.0-canary.25':
    resolution: {integrity: sha512-Tkvg6yz2ajLibNGHhrqlfw7WZDsT7hybUOudJJzbyjvaeHGL8cyu7oV2hgPyo2zPva3y8Ah+BZqzZtCvq1Kz9g==}
    engines: {node: '>= 10'}
    cpu: [arm64]
    os: [darwin]

  '@next/swc-darwin-x64@15.0.0-canary.25':
    resolution: {integrity: sha512-94JpNE8nlF47+2hRJsyBudKAMAb0ADPsGivbnGbtJxh6p91GHwDnOxAAkt0z97SYb/sYz3eZAFAmiWMX7vXgMw==}
    engines: {node: '>= 10'}
    cpu: [x64]
    os: [darwin]

  '@next/swc-linux-arm64-gnu@15.0.0-canary.25':
    resolution: {integrity: sha512-5kWUZ4vDg5SqYysg//a8nfOBCzzi9zgyoa57s9NNBZtwjOVUbHjyY/h3Mjv7dNqDxccbQJLxnAbF/mj7b1va0w==}
    engines: {node: '>= 10'}
    cpu: [arm64]
    os: [linux]

  '@next/swc-linux-arm64-musl@15.0.0-canary.25':
    resolution: {integrity: sha512-AeqbtTC97CKyIBBZsTdHZFaK/PziWim5hkafdDMnZ1JDYfZhXaVrab0txxCSPeZte9/uIar3ChuKSXA5pMN1sg==}
    engines: {node: '>= 10'}
    cpu: [arm64]
    os: [linux]

  '@next/swc-linux-x64-gnu@15.0.0-canary.25':
    resolution: {integrity: sha512-cKDMfFGl4YNQp+AeOhGEzTnSw8UUhwKuZ7WRp9Ukd6ZzXq+vcZArv6swKr9Otn/xIlpgF967Du8Ex+gWZhueyA==}
    engines: {node: '>= 10'}
    cpu: [x64]
    os: [linux]

  '@next/swc-linux-x64-musl@15.0.0-canary.25':
    resolution: {integrity: sha512-K2phG5jz8jc0mDspwrDsj4+3AWFyfJRp/0k1YDEsb9Fju8/AC1P3Xt2Gbk/4nYvTWmLaTxZst98V0vRq474Fbw==}
    engines: {node: '>= 10'}
    cpu: [x64]
    os: [linux]

  '@next/swc-win32-arm64-msvc@15.0.0-canary.25':
    resolution: {integrity: sha512-f6b9yjsmkEs3xHHC/7RSWHq3Tfrm82kZTN1map0LK8WkzYXOIlClhLUKk/eFySrIVxnepdko6x4RwKSRMe/NgQ==}
    engines: {node: '>= 10'}
    cpu: [arm64]
    os: [win32]

  '@next/swc-win32-ia32-msvc@15.0.0-canary.25':
    resolution: {integrity: sha512-izjTAciAGYc4DY7n0VQ0uhqiV+yBW3KsyQtt+h7Wjl7az328vpnZE3PZY1K+S2uKDZiufvC1Gm7BfoWkn7+aKA==}
    engines: {node: '>= 10'}
    cpu: [ia32]
    os: [win32]

  '@next/swc-win32-x64-msvc@15.0.0-canary.25':
    resolution: {integrity: sha512-yrmD5ANlZLJuXIuo27RpNkPIrEuYq1IKZT7SPuXRTsrocU4DzQp0yFx6N1oQN6r7PcRJiUGXIVjwTwcFQx850g==}
    engines: {node: '>= 10'}
    cpu: [x64]
    os: [win32]

  '@panva/hkdf@1.1.1':
    resolution: {integrity: sha512-dhPeilub1NuIG0X5Kvhh9lH4iW3ZsHlnzwgwbOlgwQ2wG1IqFzsgHqmKPk3WzsdWAeaxKJxgM0+W433RmN45GA==}

  '@swc/helpers@0.5.11':
    resolution: {integrity: sha512-YNlnKRWF2sVojTpIyzwou9XoTNbzbzONwRhOoniEioF1AtaitTvVZblaQRrAzChWQ1bLYyYSWzM18y4WwgzJ+A==}

  '@types/cookie@0.6.0':
    resolution: {integrity: sha512-4Kh9a6B2bQciAhf7FSuMRRkUWecJgJu9nPnx3yzpsfXX/c50REIqpHY4C82bXP90qrLtXtkDxTZosYO3UpOwlA==}

  '@types/node@20.12.12':
    resolution: {integrity: sha512-eWLDGF/FOSPtAvEqeRAQ4C8LSA7M1I7i0ky1I8U7kD1J5ITyW3AsRhQrKVoWf5pFKZ2kILsEGJhsI9r93PYnOw==}

  '@types/prop-types@15.7.12':
    resolution: {integrity: sha512-5zvhXYtRNRluoE/jAp4GVsSduVUzNWKkOZrCDBWYtE7biZywwdC2AcEzg+cSMLFRfVgeAFqpfNabiPjxFddV1Q==}

  '@types/react-dom@18.3.0':
    resolution: {integrity: sha512-EhwApuTmMBmXuFOikhQLIBUn6uFg81SwLMOAUgodJF14SOBOCMdU04gDoYi0WOJJHD144TL32z4yDqCW3dnkQg==}

  '@types/react@18.3.3':
    resolution: {integrity: sha512-hti/R0pS0q1/xx+TsI73XIqk26eBsISZ2R0wUijXIngRK9R/e7Xw/cXVxQK7R5JjW+SV4zGcn5hXjudkN/pLIw==}

  busboy@1.6.0:
    resolution: {integrity: sha512-8SFQbg/0hQ9xy3UNTB0YEnsNBbWfhf7RtnzpL7TkBiTBRfrQ9Fxcnz7VJsleJpyp6rVLvXiuORqjlHi5q+PYuA==}
    engines: {node: '>=10.16.0'}

  caniuse-lite@1.0.30001632:
    resolution: {integrity: sha512-udx3o7yHJfUxMLkGohMlVHCvFvWmirKh9JAH/d7WOLPetlH+LTL5cocMZ0t7oZx/mdlOWXti97xLZWc8uURRHg==}

  client-only@0.0.1:
    resolution: {integrity: sha512-IV3Ou0jSMzZrd3pZ48nLkT9DA7Ag1pnPzaiQhpW7c3RbcqqzvzzVu+L8gfqMp/8IM2MQtSiqaCxrrcfu8I8rMA==}

  color-convert@2.0.1:
    resolution: {integrity: sha512-RRECPsj7iu/xb5oKYcsFHSppFNnsj/52OVTRKb4zP5onXwVF3zVmmToNcOfGC+CRDpfK/U584fMg38ZHCaElKQ==}
    engines: {node: '>=7.0.0'}

  color-name@1.1.4:
    resolution: {integrity: sha512-dOy+3AuW3a2wNbZHIuMZpTcgjGuLU/uBL/ubcZF9OXbDo8ff4O8yVp5Bf0efS8uEoYo5q4Fx7dY9OgQGXgAsQA==}

  color-string@1.9.1:
    resolution: {integrity: sha512-shrVawQFojnZv6xM40anx4CkoDP+fZsw/ZerEMsW/pyzsRbElpsL/DBVW7q3ExxwusdNXI3lXpuhEZkzs8p5Eg==}

  color@4.2.3:
    resolution: {integrity: sha512-1rXeuUUiGGrykh+CeBdu5Ie7OJwinCgQY0bc7GCRxy5xVHy+moaqkpL/jqQq0MtQOeYcrqEz4abc5f0KtU7W4A==}
    engines: {node: '>=12.5.0'}

  cookie@0.6.0:
    resolution: {integrity: sha512-U71cyTamuh1CRNCfpGY6to28lxvNwPG4Guz/EVjgf3Jmzv0vlDp1atT9eS5dDjMYHucpHbWns6Lwf3BKz6svdw==}
    engines: {node: '>= 0.6'}

  csstype@3.1.3:
    resolution: {integrity: sha512-M1uQkMl8rQK/szD0LNhtqxIPLpimGm8sOBwU7lLnCpSbTyY3yeU1Vc7l4KT5zT4s/yOxHH5O7tIuuLOCnLADRw==}

  detect-libc@2.0.3:
    resolution: {integrity: sha512-bwy0MGW55bG41VqxxypOsdSdGqLwXPI/focwgTYCFMbdUiBAxLg9CFzG08sz2aqzknwiX7Hkl0bQENjg8iLByw==}
    engines: {node: '>=8'}

  graceful-fs@4.2.11:
    resolution: {integrity: sha512-RbJ5/jmFcNNCcDV5o9eTnBLJ/HszWV0P73bc+Ff4nS/rJj+YaS6IGyiOL0VoBYX+l1Wrl3k63h/KrH+nhJ0XvQ==}

  is-arrayish@0.3.2:
    resolution: {integrity: sha512-eVRqCvVlZbuw3GrM63ovNSNAeA1K16kaR/LRY/92w0zxQ5/1YzwblUX652i4Xs9RwAGjW9d9y6X88t8OaAJfWQ==}

  jose@5.4.0:
    resolution: {integrity: sha512-6rpxTHPAQyWMb9A35BroFl1Sp0ST3DpPcm5EVIxZxdH+e0Hv9fwhyB3XLKFUcHNpdSDnETmBfuPPTTlYz5+USw==}

  nanoid@3.3.7:
    resolution: {integrity: sha512-eSRppjcPIatRIMC1U6UngP8XFcz8MQWGQdt1MTBQ7NaAmvXDfvNxbvWV3x2y6CdEUciCSsDHDQZbhYaB8QEo2g==}
    engines: {node: ^10 || ^12 || ^13.7 || ^14 || >=15.0.1}
    hasBin: true

  next-auth@5.0.0-beta.19:
    resolution: {integrity: sha512-YHu1igcAxZPh8ZB7GIM93dqgY6gcAzq66FOhQFheAdOx1raxNcApt05nNyNCSB6NegSiyJ4XOPsaNow4pfDmsg==}
    peerDependencies:
      '@simplewebauthn/browser': ^9.0.1
      '@simplewebauthn/server': ^9.0.2
      next: ^14 || ^15.0.0-0
      nodemailer: ^6.6.5
      react: ^18.2.0 || ^19.0.0-0
    peerDependenciesMeta:
      '@simplewebauthn/browser':
        optional: true
      '@simplewebauthn/server':
        optional: true
      nodemailer:
        optional: true

  next@15.0.0-canary.25:
    resolution: {integrity: sha512-V5oSgHCh7V/iKviqa5yBfKWANTzn/efGkqlJ8JxkNA2aNANJGg4TuiSck8ADcbWKe1Gkghr8atOmiSf/GeNnTw==}
    engines: {node: '>=18.17.0'}
    hasBin: true
    peerDependencies:
      '@opentelemetry/api': ^1.1.0
      '@playwright/test': ^1.41.2
      babel-plugin-react-compiler: '*'
      react: 19.0.0-rc.0
      react-dom: 19.0.0-rc.0
      sass: ^1.3.0
    peerDependenciesMeta:
      '@opentelemetry/api':
        optional: true
      '@playwright/test':
        optional: true
      babel-plugin-react-compiler:
        optional: true
      sass:
        optional: true

  oauth4webapi@2.10.4:
    resolution: {integrity: sha512-DSoj8QoChzOCQlJkRmYxAJCIpnXFW32R0Uq7avyghIeB6iJq0XAblOD7pcq3mx4WEBDwMuKr0Y1qveCBleG2Xw==}

  picocolors@1.0.1:
    resolution: {integrity: sha512-anP1Z8qwhkbmu7MFP5iTt+wQKXgwzf7zTyGlcdzabySa9vd0Xt392U0rVmz9poOaBj0uHJKyyo9/upk0HrEQew==}

  postcss@8.4.31:
    resolution: {integrity: sha512-PS08Iboia9mts/2ygV3eLpY5ghnUcfLV/EXTOW1E2qYxJKGGBUtNjN76FYHnMs36RmARn41bC0AZmn+rR0OVpQ==}
    engines: {node: ^10 || ^12 || >=14}

  preact-render-to-string@5.2.3:
    resolution: {integrity: sha512-aPDxUn5o3GhWdtJtW0svRC2SS/l8D9MAgo2+AWml+BhDImb27ALf04Q2d+AHqUUOc6RdSXFIBVa2gxzgMKgtZA==}
    peerDependencies:
      preact: '>=10'

  preact@10.11.3:
    resolution: {integrity: sha512-eY93IVpod/zG3uMF22Unl8h9KkrcKIRs2EGar8hwLZZDU1lkjph303V9HZBwufh2s736U6VXuhD109LYqPoffg==}

  pretty-format@3.8.0:
    resolution: {integrity: sha512-WuxUnVtlWL1OfZFQFuqvnvs6MiAGk9UNsBostyBOB0Is9wb5uRESevA6rnl/rkksXaGX3GzZhPup5d6Vp1nFew==}

  react-dom@19.0.0-rc-6f23540c7d-20240528:
    resolution: {integrity: sha512-TPZ7f0MYH/y51jHuPx0UdMH+WdZ7xX1UOcydOZWpjbjs2GXSgJFV2ilIm7FUSinHB6DSoGFVxhPqm1sa63IkbA==}
    peerDependencies:
      react: 19.0.0-rc-6f23540c7d-20240528

  react@19.0.0-rc-6f23540c7d-20240528:
    resolution: {integrity: sha512-fo4drQwFP/R7ZJF5USwhn8YccEqOiH9C1ci5Jg7iM2+5pId8Bjcno+dDT/Cv5iYGmgwZzQIa+EwczD5IHEsmQA==}
    engines: {node: '>=0.10.0'}

  scheduler@0.25.0-rc-6f23540c7d-20240528:
    resolution: {integrity: sha512-5V2Aa+F16Qe+kT1zjwxPzBRoF6/xjw+LU9L2c1j2Dzw2GTiLEV8DxG3RAkRN8Lm5jlqbyK9ivRH3GGtipy+a6Q==}

  semver@7.6.2:
    resolution: {integrity: sha512-FNAIBWCx9qcRhoHcgcJ0gvU7SN1lYU2ZXuSfl04bSC5OpvDHFyJCjdNHomPXxjQlCBU67YW64PzY7/VIEH7F2w==}
    engines: {node: '>=10'}
    hasBin: true

  sharp@0.33.4:
    resolution: {integrity: sha512-7i/dt5kGl7qR4gwPRD2biwD2/SvBn3O04J77XKFgL2OnZtQw+AG9wnuS/csmu80nPRHLYE9E41fyEiG8nhH6/Q==}
    engines: {libvips: '>=8.15.2', node: ^18.17.0 || ^20.3.0 || >=21.0.0}

  simple-swizzle@0.2.2:
    resolution: {integrity: sha512-JA//kQgZtbuY83m+xT+tXJkmJncGMTFT+C+g2h2R9uxkYIrE2yy9sgmcLhCnw57/WSD+Eh3J97FPEDFnbXnDUg==}

  source-map-js@1.2.0:
    resolution: {integrity: sha512-itJW8lvSA0TXEphiRoawsCksnlf8SyvmFzIhltqAHluXd88pkCd+cXJVHTDwdCr0IzwptSm035IHQktUu1QUMg==}
    engines: {node: '>=0.10.0'}

  streamsearch@1.1.0:
    resolution: {integrity: sha512-Mcc5wHehp9aXz1ax6bZUyY5afg9u2rv5cqQI3mRrYkGC8rW2hM02jWuwjtL++LS5qinSyhj2QfLyNsuc+VsExg==}
    engines: {node: '>=10.0.0'}

  styled-jsx@5.1.6:
    resolution: {integrity: sha512-qSVyDTeMotdvQYoHWLNGwRFJHC+i+ZvdBRYosOFgC+Wg1vx4frN2/RG/NA7SYqqvKNLf39P2LSRA2pu6n0XYZA==}
    engines: {node: '>= 12.0.0'}
    peerDependencies:
      '@babel/core': '*'
      babel-plugin-macros: '*'
      react: '>= 16.8.0 || 17.x.x || ^18.0.0-0 || ^19.0.0-0'
    peerDependenciesMeta:
      '@babel/core':
        optional: true
      babel-plugin-macros:
        optional: true

  tslib@2.6.3:
    resolution: {integrity: sha512-xNvxJEOUiWPGhUuUdQgAJPKOOJfGnIyKySOc09XkKsgdUV/3E2zvwZYdejjmRgPCgcym1juLH3226yA7sEFJKQ==}

  typescript@5.3.3:
    resolution: {integrity: sha512-pXWcraxM0uxAS+tN0AG/BF2TyqmHO014Z070UsJ+pFvYuRSq8KH8DmWpnbXe0pEPDHXZV3FcAbJkijJ5oNEnWw==}
    engines: {node: '>=14.17'}
    hasBin: true

  undici-types@5.26.5:
    resolution: {integrity: sha512-JlCMO+ehdEIKqlFxk6IfVoAUVmgz7cU7zD/h9XZ0qzeosSHmUJVOzSQvvYSYWXkFXC+IfLKSIffhv0sVZup6pA==}

snapshots:

  '@auth/core@0.32.0':
    dependencies:
      '@panva/hkdf': 1.1.1
      '@types/cookie': 0.6.0
      cookie: 0.6.0
      jose: 5.4.0
      oauth4webapi: 2.10.4
      preact: 10.11.3
      preact-render-to-string: 5.2.3(preact@10.11.3)

  '@emnapi/runtime@1.2.0':
    dependencies:
      tslib: 2.6.3
    optional: true

  '@img/sharp-darwin-arm64@0.33.4':
    optionalDependencies:
      '@img/sharp-libvips-darwin-arm64': 1.0.2
    optional: true

  '@img/sharp-darwin-x64@0.33.4':
    optionalDependencies:
      '@img/sharp-libvips-darwin-x64': 1.0.2
    optional: true

  '@img/sharp-libvips-darwin-arm64@1.0.2':
    optional: true

  '@img/sharp-libvips-darwin-x64@1.0.2':
    optional: true

  '@img/sharp-libvips-linux-arm64@1.0.2':
    optional: true

  '@img/sharp-libvips-linux-arm@1.0.2':
    optional: true

  '@img/sharp-libvips-linux-s390x@1.0.2':
    optional: true

  '@img/sharp-libvips-linux-x64@1.0.2':
    optional: true

  '@img/sharp-libvips-linuxmusl-arm64@1.0.2':
    optional: true

  '@img/sharp-libvips-linuxmusl-x64@1.0.2':
    optional: true

  '@img/sharp-linux-arm64@0.33.4':
    optionalDependencies:
      '@img/sharp-libvips-linux-arm64': 1.0.2
    optional: true

  '@img/sharp-linux-arm@0.33.4':
    optionalDependencies:
      '@img/sharp-libvips-linux-arm': 1.0.2
    optional: true

  '@img/sharp-linux-s390x@0.33.4':
    optionalDependencies:
      '@img/sharp-libvips-linux-s390x': 1.0.2
    optional: true

  '@img/sharp-linux-x64@0.33.4':
    optionalDependencies:
      '@img/sharp-libvips-linux-x64': 1.0.2
    optional: true

  '@img/sharp-linuxmusl-arm64@0.33.4':
    optionalDependencies:
      '@img/sharp-libvips-linuxmusl-arm64': 1.0.2
    optional: true

  '@img/sharp-linuxmusl-x64@0.33.4':
    optionalDependencies:
      '@img/sharp-libvips-linuxmusl-x64': 1.0.2
    optional: true

  '@img/sharp-wasm32@0.33.4':
    dependencies:
      '@emnapi/runtime': 1.2.0
    optional: true

  '@img/sharp-win32-ia32@0.33.4':
    optional: true

  '@img/sharp-win32-x64@0.33.4':
    optional: true

  '@next/env@15.0.0-canary.25': {}

  '@next/swc-darwin-arm64@15.0.0-canary.25':
    optional: true

  '@next/swc-darwin-x64@15.0.0-canary.25':
    optional: true

  '@next/swc-linux-arm64-gnu@15.0.0-canary.25':
    optional: true

  '@next/swc-linux-arm64-musl@15.0.0-canary.25':
    optional: true

  '@next/swc-linux-x64-gnu@15.0.0-canary.25':
    optional: true

  '@next/swc-linux-x64-musl@15.0.0-canary.25':
    optional: true

  '@next/swc-win32-arm64-msvc@15.0.0-canary.25':
    optional: true

  '@next/swc-win32-ia32-msvc@15.0.0-canary.25':
    optional: true

  '@next/swc-win32-x64-msvc@15.0.0-canary.25':
    optional: true

  '@panva/hkdf@1.1.1': {}

  '@swc/helpers@0.5.11':
    dependencies:
      tslib: 2.6.3

  '@types/cookie@0.6.0': {}

  '@types/node@20.12.12':
    dependencies:
      undici-types: 5.26.5

  '@types/prop-types@15.7.12': {}

  '@types/react-dom@18.3.0':
    dependencies:
      '@types/react': 18.3.3

  '@types/react@18.3.3':
    dependencies:
      '@types/prop-types': 15.7.12
      csstype: 3.1.3

  busboy@1.6.0:
    dependencies:
      streamsearch: 1.1.0

  caniuse-lite@1.0.30001632: {}

  client-only@0.0.1: {}

  color-convert@2.0.1:
    dependencies:
      color-name: 1.1.4
    optional: true

  color-name@1.1.4:
    optional: true

  color-string@1.9.1:
    dependencies:
      color-name: 1.1.4
      simple-swizzle: 0.2.2
    optional: true

  color@4.2.3:
    dependencies:
      color-convert: 2.0.1
      color-string: 1.9.1
    optional: true

  cookie@0.6.0: {}

  csstype@3.1.3: {}

  detect-libc@2.0.3:
    optional: true

  graceful-fs@4.2.11: {}

  is-arrayish@0.3.2:
    optional: true

  jose@5.4.0: {}

  nanoid@3.3.7: {}

  next-auth@5.0.0-beta.19(next@15.0.0-canary.25(react-dom@19.0.0-rc-6f23540c7d-20240528(react@19.0.0-rc-6f23540c7d-20240528))(react@19.0.0-rc-6f23540c7d-20240528))(react@19.0.0-rc-6f23540c7d-20240528):
    dependencies:
      '@auth/core': 0.32.0
      next: 15.0.0-canary.25(react-dom@19.0.0-rc-6f23540c7d-20240528(react@19.0.0-rc-6f23540c7d-20240528))(react@19.0.0-rc-6f23540c7d-20240528)
      react: 19.0.0-rc-6f23540c7d-20240528

  next@15.0.0-canary.25(react-dom@19.0.0-rc-6f23540c7d-20240528(react@19.0.0-rc-6f23540c7d-20240528))(react@19.0.0-rc-6f23540c7d-20240528):
    dependencies:
      '@next/env': 15.0.0-canary.25
      '@swc/helpers': 0.5.11
      busboy: 1.6.0
      caniuse-lite: 1.0.30001632
      graceful-fs: 4.2.11
      postcss: 8.4.31
      react: 19.0.0-rc-6f23540c7d-20240528
      react-dom: 19.0.0-rc-6f23540c7d-20240528(react@19.0.0-rc-6f23540c7d-20240528)
      styled-jsx: 5.1.6(react@19.0.0-rc-6f23540c7d-20240528)
    optionalDependencies:
      '@next/swc-darwin-arm64': 15.0.0-canary.25
      '@next/swc-darwin-x64': 15.0.0-canary.25
      '@next/swc-linux-arm64-gnu': 15.0.0-canary.25
      '@next/swc-linux-arm64-musl': 15.0.0-canary.25
      '@next/swc-linux-x64-gnu': 15.0.0-canary.25
      '@next/swc-linux-x64-musl': 15.0.0-canary.25
      '@next/swc-win32-arm64-msvc': 15.0.0-canary.25
      '@next/swc-win32-ia32-msvc': 15.0.0-canary.25
      '@next/swc-win32-x64-msvc': 15.0.0-canary.25
      sharp: 0.33.4
    transitivePeerDependencies:
      - '@babel/core'
      - babel-plugin-macros

  oauth4webapi@2.10.4: {}

  picocolors@1.0.1: {}

  postcss@8.4.31:
    dependencies:
      nanoid: 3.3.7
      picocolors: 1.0.1
      source-map-js: 1.2.0

  preact-render-to-string@5.2.3(preact@10.11.3):
    dependencies:
      preact: 10.11.3
      pretty-format: 3.8.0

  preact@10.11.3: {}

  pretty-format@3.8.0: {}

  react-dom@19.0.0-rc-6f23540c7d-20240528(react@19.0.0-rc-6f23540c7d-20240528):
    dependencies:
      react: 19.0.0-rc-6f23540c7d-20240528
      scheduler: 0.25.0-rc-6f23540c7d-20240528

  react@19.0.0-rc-6f23540c7d-20240528: {}

  scheduler@0.25.0-rc-6f23540c7d-20240528: {}

  semver@7.6.2:
    optional: true

  sharp@0.33.4:
    dependencies:
      color: 4.2.3
      detect-libc: 2.0.3
      semver: 7.6.2
    optionalDependencies:
      '@img/sharp-darwin-arm64': 0.33.4
      '@img/sharp-darwin-x64': 0.33.4
      '@img/sharp-libvips-darwin-arm64': 1.0.2
      '@img/sharp-libvips-darwin-x64': 1.0.2
      '@img/sharp-libvips-linux-arm': 1.0.2
      '@img/sharp-libvips-linux-arm64': 1.0.2
      '@img/sharp-libvips-linux-s390x': 1.0.2
      '@img/sharp-libvips-linux-x64': 1.0.2
      '@img/sharp-libvips-linuxmusl-arm64': 1.0.2
      '@img/sharp-libvips-linuxmusl-x64': 1.0.2
      '@img/sharp-linux-arm': 0.33.4
      '@img/sharp-linux-arm64': 0.33.4
      '@img/sharp-linux-s390x': 0.33.4
      '@img/sharp-linux-x64': 0.33.4
      '@img/sharp-linuxmusl-arm64': 0.33.4
      '@img/sharp-linuxmusl-x64': 0.33.4
      '@img/sharp-wasm32': 0.33.4
      '@img/sharp-win32-ia32': 0.33.4
      '@img/sharp-win32-x64': 0.33.4
    optional: true

  simple-swizzle@0.2.2:
    dependencies:
      is-arrayish: 0.3.2
    optional: true

  source-map-js@1.2.0: {}

  streamsearch@1.1.0: {}

  styled-jsx@5.1.6(react@19.0.0-rc-6f23540c7d-20240528):
    dependencies:
      client-only: 0.0.1
      react: 19.0.0-rc-6f23540c7d-20240528

  tslib@2.6.3: {}

  typescript@5.3.3: {}

  undici-types@5.26.5: {}
